<?xml version="1.0" encoding="utf-8"?>
<Project ToolsVersion="4.0" xmlns="http://schemas.microsoft.com/developer/msbuild/2003">
  <ItemGroup>
    <Filter Include="Source Files">
      <UniqueIdentifier>{4FC737F1-C7A5-4376-A066-2A32D752A2FF}</UniqueIdentifier>
      <Extensions>cpp;c;cc;cxx;def;odl;idl;hpj;bat;asm;asmx</Extensions>
    </Filter>
    <Filter Include="Header Files">
      <UniqueIdentifier>{93995380-89BD-4b04-88EB-625FBE52EBFB}</UniqueIdentifier>
      <Extensions>h;hh;hpp;hxx;hm;inl;inc;ipp;xsd</Extensions>
    </Filter>
    <Filter Include="Resource Files">
      <UniqueIdentifier>{67DA6AB6-F800-4c08-8B7A-83BB121AAD01}</UniqueIdentifier>
      <Extensions>rc;ico;cur;bmp;dlg;rc2;rct;bin;rgs;gif;jpg;jpeg;jpe;resx;tiff;tif;png;wav;mfcribbon-ms</Extensions>
    </Filter>
    <Filter Include="Vulkan_1.1">
      <UniqueIdentifier>{94d4a565-4465-4731-8ddb-cb68c0f7c425}</UniqueIdentifier>
    </Filter>
    <Filter Include="Vulkan_1.1\Render">
      <UniqueIdentifier>{5c958641-44b2-4f13-be67-23f8891af7ed}</UniqueIdentifier>
    </Filter>
    <Filter Include="Vulkan_1.1\Render\Source">
      <UniqueIdentifier>{40bbd29d-47ac-446e-83ae-46012effe72f}</UniqueIdentifier>
    </Filter>
    <Filter Include="Vulkan_1.1\Render\Header">
      <UniqueIdentifier>{f18d985b-f2cf-4628-8cac-feeff4a1e180}</UniqueIdentifier>
    </Filter>
    <Filter Include="Vulkan_1.1\SceneObjects">
      <UniqueIdentifier>{257d80fe-6c8a-4482-9252-c4e26af89c9d}</UniqueIdentifier>
    </Filter>
    <Filter Include="Vulkan_1.1\SceneObjects\Objects">
      <UniqueIdentifier>{6042e062-387d-4a8a-aed9-e7df29d2185c}</UniqueIdentifier>
    </Filter>
    <Filter Include="Vulkan_1.1\SceneObjects\Camera">
      <UniqueIdentifier>{92b85661-5edc-4c2f-a1f0-0c1d69caa47e}</UniqueIdentifier>
    </Filter>
    <Filter Include="Vulkan_1.1\VK_Shader">
      <UniqueIdentifier>{c5a19956-54b4-4a80-b346-381f3c1348ea}</UniqueIdentifier>
    </Filter>
    <Filter Include="Vulkan_1.1\SceneObjects\Objects\Material">
      <UniqueIdentifier>{4dc0a52f-d96a-4744-8410-e4d9e5fea4c3}</UniqueIdentifier>
    </Filter>
    <Filter Include="Vulkan_1.1\Render\Manager">
      <UniqueIdentifier>{ac77c038-9621-453f-8c4d-359c34e240aa}</UniqueIdentifier>
    </Filter>
    <Filter Include="Vulkan_1.1\SceneObjects\Objects\Lights">
      <UniqueIdentifier>{a4cf9717-7437-4999-b7d4-05f3c2f1a996}</UniqueIdentifier>
    </Filter>
  </ItemGroup>
  <ItemGroup>
    <ClCompile Include="VK_Device.cpp">
      <Filter>Vulkan_1.1\Render\Source</Filter>
    </ClCompile>
    <ClCompile Include="VK_SwapChain.cpp">
      <Filter>Vulkan_1.1\Render\Source</Filter>
    </ClCompile>
    <ClCompile Include="VK_Window.cpp">
      <Filter>Vulkan_1.1\Render\Source</Filter>
    </ClCompile>
    <ClCompile Include="main.cpp">
      <Filter>Source Files</Filter>
    </ClCompile>
    <ClCompile Include="Controls.cpp">
      <Filter>Source Files</Filter>
    </ClCompile>
    <ClCompile Include="Objects.cpp">
      <Filter>Vulkan_1.1\SceneObjects\Objects</Filter>
    </ClCompile>
    <ClCompile Include="Camera.cpp">
      <Filter>Vulkan_1.1\SceneObjects\Camera</Filter>
    </ClCompile>
    <ClCompile Include="VK_Renderer.cpp">
      <Filter>Vulkan_1.1\Render\Source</Filter>
    </ClCompile>
    <ClCompile Include="Mesh.cpp">
      <Filter>Vulkan_1.1\SceneObjects\Objects</Filter>
    </ClCompile>
    <ClCompile Include="Texture.cpp">
      <Filter>Vulkan_1.1\SceneObjects\Objects\Material</Filter>
    </ClCompile>
    <ClCompile Include="GameObject.cpp">
      <Filter>Vulkan_1.1\SceneObjects</Filter>
    </ClCompile>
    <ClCompile Include="VK_GraphicsPipeline.cpp">
      <Filter>Vulkan_1.1\Render\Source</Filter>
    </ClCompile>
    <ClCompile Include="Material.cpp">
      <Filter>Vulkan_1.1\SceneObjects\Objects\Material</Filter>
    </ClCompile>
    <ClCompile Include="VK_GameObjectManager.cpp">
      <Filter>Vulkan_1.1\Render\Manager</Filter>
    </ClCompile>
    <ClCompile Include="VK_BufferObject.cpp">
      <Filter>Vulkan_1.1\Render\Source</Filter>
    </ClCompile>
    <ClCompile Include="PointLight.cpp">
      <Filter>Vulkan_1.1\SceneObjects\Objects\Lights</Filter>
    </ClCompile>
  </ItemGroup>
  <ItemGroup>
    <ClInclude Include="VK_Device.h">
      <Filter>Vulkan_1.1\Render\Header</Filter>
    </ClInclude>
    <ClInclude Include="VK_SwapChain.h">
      <Filter>Vulkan_1.1\Render\Header</Filter>
    </ClInclude>
    <ClInclude Include="VK_Window.h">
      <Filter>Vulkan_1.1\Render\Header</Filter>
    </ClInclude>
    <ClInclude Include="Controls.h">
      <Filter>Header Files</Filter>
    </ClInclude>
    <ClInclude Include="Objects.h">
      <Filter>Vulkan_1.1\SceneObjects\Objects</Filter>
    </ClInclude>
    <ClInclude Include="Camera.h">
      <Filter>Vulkan_1.1\SceneObjects\Camera</Filter>
    </ClInclude>
    <ClInclude Include="VK_Renderer.h">
      <Filter>Vulkan_1.1\Render\Header</Filter>
    </ClInclude>
    <ClInclude Include="VK_inc.h">
      <Filter>Vulkan_1.1</Filter>
    </ClInclude>
    <ClInclude Include="Mesh.h">
      <Filter>Vulkan_1.1\SceneObjects\Objects</Filter>
    </ClInclude>
    <ClInclude Include="Texture.h">
      <Filter>Vulkan_1.1\SceneObjects\Objects\Material</Filter>
    </ClInclude>
    <ClInclude Include="GameObject.h">
      <Filter>Vulkan_1.1\SceneObjects</Filter>
    </ClInclude>
    <ClInclude Include="VK_GraphicsPipeline.h">
      <Filter>Vulkan_1.1\Render\Header</Filter>
    </ClInclude>
    <ClInclude Include="Material.h">
      <Filter>Vulkan_1.1\SceneObjects\Objects\Material</Filter>
    </ClInclude>
    <ClInclude Include="VK_GameObjectManager.h">
      <Filter>Vulkan_1.1\Render\Manager</Filter>
    </ClInclude>
    <ClInclude Include="VK_BufferObject.h">
      <Filter>Vulkan_1.1\Render\Header</Filter>
    </ClInclude>
    <ClInclude Include="PointLight.h">
      <Filter>Vulkan_1.1\SceneObjects\Objects\Lights</Filter>
    </ClInclude>
  </ItemGroup>
  <ItemGroup>
    <None Include="shaders\TexturedFrag.spv">
      <Filter>Vulkan_1.1\VK_Shader</Filter>
    </None>
    <None Include="shaders\TexturedShader.frag">
      <Filter>Vulkan_1.1\VK_Shader</Filter>
    </None>
    <None Include="shaders\TexturedVert.spv">
      <Filter>Vulkan_1.1\VK_Shader</Filter>
    </None>
  </ItemGroup>
  <ItemGroup>
    <CustomBuild Include="shaders\TexturedShader.vert">
      <Filter>Vulkan_1.1\VK_Shader</Filter>
    </CustomBuild>
  </ItemGroup>
</Project>